
Microsoft Visual Studio Solution File, Format Version 12.00
# Visual Studio Version 17
VisualStudioVersion = 17.9.34728.123
MinimumVisualStudioVersion = 10.0.40219.1
Project("{FAE04EC0-301F-11D3-BF4B-00C04F79EFBC}") = "user profile", "user profile.csproj", "{59F064EF-A596-4978-B554-B8C86A0DC09F}"
EndProject
Global
	GlobalSection(SolutionConfigurationPlatforms) = preSolution
		Debug|Any CPU = Debug|Any CPU
		Release|Any CPU = Release|Any CPU
	EndGlobalSection
	GlobalSection(ProjectConfigurationPlatforms) = postSolution
		{59F064EF-A596-4978-B554-B8C86A0DC09F}.Debug|Any CPU.ActiveCfg = Debug|Any CPU
		{59F064EF-A596-4978-B554-B8C86A0DC09F}.Debug|Any CPU.Build.0 = Debug|Any CPU
		{59F064EF-A596-4978-B554-B8C86A0DC09F}.Release|Any CPU.ActiveCfg = Release|Any CPU
		{59F064EF-A596-4978-B554-B8C86A0DC09F}.Release|Any CPU.Build.0 = Release|Any CPU
	EndGlobalSection
	GlobalSection(SolutionProperties) = preSolution
		HideSolutionNode = FALSE
	EndGlobalSection
	GlobalSection(ExtensibilityGlobals) = postSolution
		SolutionGuid = {779B2D0E-E158-43A9-ABB6-7B98894ACA78}
	EndGlobalSection
EndGlobal
